# This file is @generated by PDM.
# It is not intended for manual editing.

[metadata]
groups = ["default"]
strategy = ["inherit_metadata"]
lock_version = "4.5.0"
content_hash = "sha256:06e7cd34979e8d6719bb665a5ece6d9987745743207db8b719b910af631e0027"

[[metadata.targets]]
requires_python = ">=3.11"
